
Microsoft Visual Studio Solution File, Format Version 12.00
# Visual Studio Version 17
VisualStudioVersion = 17.8.34511.84
MinimumVisualStudioVersion = 10.0.40219.1
Project("{FAE04EC0-301F-11D3-BF4B-00C04F79EFBC}") = "LabaWS10", "LabaWS10\LabaWS10.csproj", "{C967A714-F094-48A7-9869-572D49EF74DB}"
EndProject
Global
	GlobalSection(SolutionConfigurationPlatforms) = preSolution
		Debug|Any CPU = Debug|Any CPU
		Release|Any CPU = Release|Any CPU
	EndGlobalSection
	GlobalSection(ProjectConfigurationPlatforms) = postSolution
		{C967A714-F094-48A7-9869-572D49EF74DB}.Debug|Any CPU.ActiveCfg = Debug|Any CPU
		{C967A714-F094-48A7-9869-572D49EF74DB}.Debug|Any CPU.Build.0 = Debug|Any CPU
		{C967A714-F094-48A7-9869-572D49EF74DB}.Release|Any CPU.ActiveCfg = Release|Any CPU
		{C967A714-F094-48A7-9869-572D49EF74DB}.Release|Any CPU.Build.0 = Release|Any CPU
	EndGlobalSection
	GlobalSection(SolutionProperties) = preSolution
		HideSolutionNode = FALSE
	EndGlobalSection
	GlobalSection(ExtensibilityGlobals) = postSolution
		SolutionGuid = {2506AA87-ABF6-45E7-B716-9C1210BDD089}
	EndGlobalSection
EndGlobal
